
Microsoft Visual Studio Solution File, Format Version 12.00
# Visual Studio Version 16
VisualStudioVersion = 16.0.31005.135
MinimumVisualStudioVersion = 10.0.40219.1
Project("{FAE04EC0-301F-11D3-BF4B-00C04F79EFBC}") = "EIRLSS_Data_API", "EIRLSS_Data_API.csproj", "{63C062F2-2800-4F39-9C5B-718789E50107}"
EndProject
Global
	GlobalSection(SolutionConfigurationPlatforms) = preSolution
		Debug|Any CPU = Debug|Any CPU
		Release|Any CPU = Release|Any CPU
	EndGlobalSection
	GlobalSection(ProjectConfigurationPlatforms) = postSolution
		{63C062F2-2800-4F39-9C5B-718789E50107}.Debug|Any CPU.ActiveCfg = Debug|Any CPU
		{63C062F2-2800-4F39-9C5B-718789E50107}.Debug|Any CPU.Build.0 = Debug|Any CPU
		{63C062F2-2800-4F39-9C5B-718789E50107}.Release|Any CPU.ActiveCfg = Release|Any CPU
		{63C062F2-2800-4F39-9C5B-718789E50107}.Release|Any CPU.Build.0 = Release|Any CPU
	EndGlobalSection
	GlobalSection(SolutionProperties) = preSolution
		HideSolutionNode = FALSE
	EndGlobalSection
	GlobalSection(ExtensibilityGlobals) = postSolution
		SolutionGuid = {021CA139-3F3A-48E9-BFD7-1D9A48A09513}
	EndGlobalSection
EndGlobal
